// !$*UTF8*$!
{
	archiveVersion = 1;
	classes = {
	};
	objectVersion = 50;
	objects = {

/* Begin PBXBuildFile section */
		4510853D23639DB800338F82 /* flexibility.png in Resources */ = {isa = PBXBuildFile; fileRef = 4510852823639DB800338F82 /* flexibility.png */; };
		4510853E23639DB800338F82 /* routine4.jpg in Resources */ = {isa = PBXBuildFile; fileRef = 4510852923639DB800338F82 /* routine4.jpg */; };
		4510853F23639DB800338F82 /* routine1.jpg in Resources */ = {isa = PBXBuildFile; fileRef = 4510852A23639DB800338F82 /* routine1.jpg */; };
		4510854023639DB800338F82 /* Steps.png in Resources */ = {isa = PBXBuildFile; fileRef = 4510852B23639DB800338F82 /* Steps.png */; };
		4510854123639DB800338F82 /* routine2.jpg in Resources */ = {isa = PBXBuildFile; fileRef = 4510852C23639DB800338F82 /* routine2.jpg */; };
		4510854223639DB800338F82 /* radar.png in Resources */ = {isa = PBXBuildFile; fileRef = 4510852D23639DB800338F82 /* radar.png */; };
		4510854323639DB800338F82 /* cardio.png in Resources */ = {isa = PBXBuildFile; fileRef = 4510852E23639DB800338F82 /* cardio.png */; };
		4510854423639DB800338F82 /* Cardio.jpg in Resources */ = {isa = PBXBuildFile; fileRef = 4510852F23639DB800338F82 /* Cardio.jpg */; };
		4510854523639DB800338F82 /* Screen Shot 2019-10-11 at 10.13.56 AM.png in Resources */ = {isa = PBXBuildFile; fileRef = 4510853023639DB800338F82 /* Screen Shot 2019-10-11 at 10.13.56 AM.png */; };
		4510854623639DB800338F82 /* Screen Shot 2019-10-11 at 9.15.49 AM.png in Resources */ = {isa = PBXBuildFile; fileRef = 4510853123639DB800338F82 /* Screen Shot 2019-10-11 at 9.15.49 AM.png */; };
		4510854723639DB800338F82 /* resistance.png in Resources */ = {isa = PBXBuildFile; fileRef = 4510853223639DB800338F82 /* resistance.png */; };
		4510854823639DB800338F82 /* balance.png in Resources */ = {isa = PBXBuildFile; fileRef = 4510853323639DB800338F82 /* balance.png */; };
		4510854A23639DB800338F82 /* Screen Shot 2019-10-15 at 9.52.19 AM.png in Resources */ = {isa = PBXBuildFile; fileRef = 4510853523639DB800338F82 /* Screen Shot 2019-10-15 at 9.52.19 AM.png */; };
		4510854B23639DB800338F82 /* Screen Shot 2019-10-11 at 9.07.38 AM.png in Resources */ = {isa = PBXBuildFile; fileRef = 4510853623639DB800338F82 /* Screen Shot 2019-10-11 at 9.07.38 AM.png */; };
		4510854C23639DB800338F82 /* strength.png in Resources */ = {isa = PBXBuildFile; fileRef = 4510853723639DB800338F82 /* strength.png */; };
		4510854D23639DB800338F82 /* 512px-Man_Doing_Warm_Up_Exercise_Cartoon.svg.png in Resources */ = {isa = PBXBuildFile; fileRef = 4510853823639DB800338F82 /* 512px-Man_Doing_Warm_Up_Exercise_Cartoon.svg.png */; };
		4510854E23639DB800338F82 /* Screen Shot 2019-10-07 at 3.23.50 PM.png in Resources */ = {isa = PBXBuildFile; fileRef = 4510853923639DB800338F82 /* Screen Shot 2019-10-07 at 3.23.50 PM.png */; };
		4510854F23639DB800338F82 /* play.jpg in Resources */ = {isa = PBXBuildFile; fileRef = 4510853A23639DB800338F82 /* play.jpg */; };
		4510855023639DB800338F82 /* playbutton.png in Resources */ = {isa = PBXBuildFile; fileRef = 4510853B23639DB800338F82 /* playbutton.png */; };
		4510855123639DB800338F82 /* Wall_Sit_squat_F_WorkoutLabs.png in Resources */ = {isa = PBXBuildFile; fileRef = 4510853C23639DB800338F82 /* Wall_Sit_squat_F_WorkoutLabs.png */; };
		4517F9BE2351587700E5ED83 /* AppDelegate.swift in Sources */ = {isa = PBXBuildFile; fileRef = 4517F9BD2351587700E5ED83 /* AppDelegate.swift */; };
		4517F9C72351587700E5ED83 /* Main.storyboard in Resources */ = {isa = PBXBuildFile; fileRef = 4517F9C52351587700E5ED83 /* Main.storyboard */; };
		4517F9C92351587800E5ED83 /* Assets.xcassets in Resources */ = {isa = PBXBuildFile; fileRef = 4517F9C82351587800E5ED83 /* Assets.xcassets */; };
		4517F9CC2351587800E5ED83 /* LaunchScreen.storyboard in Resources */ = {isa = PBXBuildFile; fileRef = 4517F9CA2351587800E5ED83 /* LaunchScreen.storyboard */; };
		4517F9D72351587800E5ED83 /* PD_PALTests.swift in Sources */ = {isa = PBXBuildFile; fileRef = 4517F9D62351587800E5ED83 /* PD_PALTests.swift */; };
		4517F9E22351587800E5ED83 /* PD_PALUITests.swift in Sources */ = {isa = PBXBuildFile; fileRef = 4517F9E12351587800E5ED83 /* PD_PALUITests.swift */; };
		454F8FA32362984D005506A0 /* Cardio.storyboard in Resources */ = {isa = PBXBuildFile; fileRef = 454F8FA22362984D005506A0 /* Cardio.storyboard */; };
		4565C71B23602D9A00426C7E /* Categories.storyboard in Resources */ = {isa = PBXBuildFile; fileRef = 4565C71A23602D9A00426C7E /* Categories.storyboard */; };
		4565C7242361900000426C7E /* RoutinesViewController.swift in Sources */ = {isa = PBXBuildFile; fileRef = 4565C71F23618FFF00426C7E /* RoutinesViewController.swift */; };
		4565C7252361900000426C7E /* TrendViewController.swift in Sources */ = {isa = PBXBuildFile; fileRef = 4565C72023618FFF00426C7E /* TrendViewController.swift */; };
		4565C7262361900000426C7E /* CategoriesViewController.swift in Sources */ = {isa = PBXBuildFile; fileRef = 4565C72123618FFF00426C7E /* CategoriesViewController.swift */; };
		4565C7272361900000426C7E /* mainPageViewController.swift in Sources */ = {isa = PBXBuildFile; fileRef = 4565C72223618FFF00426C7E /* mainPageViewController.swift */; };
		4565C7282361900000426C7E /* SettingsViewController.swift in Sources */ = {isa = PBXBuildFile; fileRef = 4565C72323618FFF00426C7E /* SettingsViewController.swift */; };
		4589CA462364F710003EDE0E /* strength.jpg in Resources */ = {isa = PBXBuildFile; fileRef = 4589CA452364F70F003EDE0E /* strength.jpg */; };
		4589CA482364F8AB003EDE0E /* CardioViewController.swift in Sources */ = {isa = PBXBuildFile; fileRef = 4589CA472364F8AB003EDE0E /* CardioViewController.swift */; };
/* End PBXBuildFile section */

/* Begin PBXContainerItemProxy section */
		4517F9D32351587800E5ED83 /* PBXContainerItemProxy */ = {
			isa = PBXContainerItemProxy;
			containerPortal = 4517F9B22351587700E5ED83 /* Project object */;
			proxyType = 1;
			remoteGlobalIDString = 4517F9B92351587700E5ED83;
			remoteInfo = PD_PAL;
		};
		4517F9DE2351587800E5ED83 /* PBXContainerItemProxy */ = {
			isa = PBXContainerItemProxy;
			containerPortal = 4517F9B22351587700E5ED83 /* Project object */;
			proxyType = 1;
			remoteGlobalIDString = 4517F9B92351587700E5ED83;
			remoteInfo = PD_PAL;
		};
/* End PBXContainerItemProxy section */

/* Begin PBXFileReference section */
		4510852823639DB800338F82 /* flexibility.png */ = {isa = PBXFileReference; lastKnownFileType = image.png; path = flexibility.png; sourceTree = "<group>"; };
		4510852923639DB800338F82 /* routine4.jpg */ = {isa = PBXFileReference; lastKnownFileType = image.jpeg; path = routine4.jpg; sourceTree = "<group>"; };
		4510852A23639DB800338F82 /* routine1.jpg */ = {isa = PBXFileReference; lastKnownFileType = image.jpeg; path = routine1.jpg; sourceTree = "<group>"; };
		4510852B23639DB800338F82 /* Steps.png */ = {isa = PBXFileReference; lastKnownFileType = image.png; path = Steps.png; sourceTree = "<group>"; };
		4510852C23639DB800338F82 /* routine2.jpg */ = {isa = PBXFileReference; lastKnownFileType = image.jpeg; path = routine2.jpg; sourceTree = "<group>"; };
		4510852D23639DB800338F82 /* radar.png */ = {isa = PBXFileReference; lastKnownFileType = image.png; path = radar.png; sourceTree = "<group>"; };
		4510852E23639DB800338F82 /* cardio.png */ = {isa = PBXFileReference; lastKnownFileType = image.png; path = cardio.png; sourceTree = "<group>"; };
		4510852F23639DB800338F82 /* Cardio.jpg */ = {isa = PBXFileReference; lastKnownFileType = image.jpeg; path = Cardio.jpg; sourceTree = "<group>"; };
		4510853023639DB800338F82 /* Screen Shot 2019-10-11 at 10.13.56 AM.png */ = {isa = PBXFileReference; lastKnownFileType = image.png; path = "Screen Shot 2019-10-11 at 10.13.56 AM.png"; sourceTree = "<group>"; };
		4510853123639DB800338F82 /* Screen Shot 2019-10-11 at 9.15.49 AM.png */ = {isa = PBXFileReference; lastKnownFileType = image.png; path = "Screen Shot 2019-10-11 at 9.15.49 AM.png"; sourceTree = "<group>"; };
		4510853223639DB800338F82 /* resistance.png */ = {isa = PBXFileReference; lastKnownFileType = image.png; path = resistance.png; sourceTree = "<group>"; };
		4510853323639DB800338F82 /* balance.png */ = {isa = PBXFileReference; lastKnownFileType = image.png; path = balance.png; sourceTree = "<group>"; };
		4510853523639DB800338F82 /* Screen Shot 2019-10-15 at 9.52.19 AM.png */ = {isa = PBXFileReference; lastKnownFileType = image.png; path = "Screen Shot 2019-10-15 at 9.52.19 AM.png"; sourceTree = "<group>"; };
		4510853623639DB800338F82 /* Screen Shot 2019-10-11 at 9.07.38 AM.png */ = {isa = PBXFileReference; lastKnownFileType = image.png; path = "Screen Shot 2019-10-11 at 9.07.38 AM.png"; sourceTree = "<group>"; };
		4510853723639DB800338F82 /* strength.png */ = {isa = PBXFileReference; lastKnownFileType = image.png; path = strength.png; sourceTree = "<group>"; };
		4510853823639DB800338F82 /* 512px-Man_Doing_Warm_Up_Exercise_Cartoon.svg.png */ = {isa = PBXFileReference; lastKnownFileType = image.png; path = "512px-Man_Doing_Warm_Up_Exercise_Cartoon.svg.png"; sourceTree = "<group>"; };
		4510853923639DB800338F82 /* Screen Shot 2019-10-07 at 3.23.50 PM.png */ = {isa = PBXFileReference; lastKnownFileType = image.png; path = "Screen Shot 2019-10-07 at 3.23.50 PM.png"; sourceTree = "<group>"; };
		4510853A23639DB800338F82 /* play.jpg */ = {isa = PBXFileReference; lastKnownFileType = image.jpeg; path = play.jpg; sourceTree = "<group>"; };
		4510853B23639DB800338F82 /* playbutton.png */ = {isa = PBXFileReference; lastKnownFileType = image.png; path = playbutton.png; sourceTree = "<group>"; };
		4510853C23639DB800338F82 /* Wall_Sit_squat_F_WorkoutLabs.png */ = {isa = PBXFileReference; lastKnownFileType = image.png; path = Wall_Sit_squat_F_WorkoutLabs.png; sourceTree = "<group>"; };
		4517F9BA2351587700E5ED83 /* PD_PAL.app */ = {isa = PBXFileReference; explicitFileType = wrapper.application; includeInIndex = 0; path = PD_PAL.app; sourceTree = BUILT_PRODUCTS_DIR; };
		4517F9BD2351587700E5ED83 /* AppDelegate.swift */ = {isa = PBXFileReference; lastKnownFileType = sourcecode.swift; path = AppDelegate.swift; sourceTree = "<group>"; };
		4517F9C62351587700E5ED83 /* Base */ = {isa = PBXFileReference; lastKnownFileType = file.storyboard; name = Base; path = Base.lproj/Main.storyboard; sourceTree = "<group>"; };
		4517F9C82351587800E5ED83 /* Assets.xcassets */ = {isa = PBXFileReference; lastKnownFileType = folder.assetcatalog; path = Assets.xcassets; sourceTree = "<group>"; };
		4517F9CB2351587800E5ED83 /* Base */ = {isa = PBXFileReference; lastKnownFileType = file.storyboard; name = Base; path = Base.lproj/LaunchScreen.storyboard; sourceTree = "<group>"; };
		4517F9CD2351587800E5ED83 /* Info.plist */ = {isa = PBXFileReference; lastKnownFileType = text.plist.xml; path = Info.plist; sourceTree = "<group>"; };
		4517F9D22351587800E5ED83 /* PD_PALTests.xctest */ = {isa = PBXFileReference; explicitFileType = wrapper.cfbundle; includeInIndex = 0; path = PD_PALTests.xctest; sourceTree = BUILT_PRODUCTS_DIR; };
		4517F9D62351587800E5ED83 /* PD_PALTests.swift */ = {isa = PBXFileReference; lastKnownFileType = sourcecode.swift; path = PD_PALTests.swift; sourceTree = "<group>"; };
		4517F9D82351587800E5ED83 /* Info.plist */ = {isa = PBXFileReference; lastKnownFileType = text.plist.xml; path = Info.plist; sourceTree = "<group>"; };
		4517F9DD2351587800E5ED83 /* PD_PALUITests.xctest */ = {isa = PBXFileReference; explicitFileType = wrapper.cfbundle; includeInIndex = 0; path = PD_PALUITests.xctest; sourceTree = BUILT_PRODUCTS_DIR; };
		4517F9E12351587800E5ED83 /* PD_PALUITests.swift */ = {isa = PBXFileReference; lastKnownFileType = sourcecode.swift; path = PD_PALUITests.swift; sourceTree = "<group>"; };
		4517F9E32351587800E5ED83 /* Info.plist */ = {isa = PBXFileReference; lastKnownFileType = text.plist.xml; path = Info.plist; sourceTree = "<group>"; };
		454F8FA22362984D005506A0 /* Cardio.storyboard */ = {isa = PBXFileReference; lastKnownFileType = file.storyboard; path = Cardio.storyboard; sourceTree = "<group>"; };
		4565C71A23602D9A00426C7E /* Categories.storyboard */ = {isa = PBXFileReference; lastKnownFileType = file.storyboard; path = Categories.storyboard; sourceTree = "<group>"; };
		4565C71F23618FFF00426C7E /* RoutinesViewController.swift */ = {isa = PBXFileReference; fileEncoding = 4; lastKnownFileType = sourcecode.swift; path = RoutinesViewController.swift; sourceTree = "<group>"; };
		4565C72023618FFF00426C7E /* TrendViewController.swift */ = {isa = PBXFileReference; fileEncoding = 4; lastKnownFileType = sourcecode.swift; path = TrendViewController.swift; sourceTree = "<group>"; };
		4565C72123618FFF00426C7E /* CategoriesViewController.swift */ = {isa = PBXFileReference; fileEncoding = 4; lastKnownFileType = sourcecode.swift; path = CategoriesViewController.swift; sourceTree = "<group>"; };
		4565C72223618FFF00426C7E /* mainPageViewController.swift */ = {isa = PBXFileReference; fileEncoding = 4; lastKnownFileType = sourcecode.swift; path = mainPageViewController.swift; sourceTree = "<group>"; };
		4565C72323618FFF00426C7E /* SettingsViewController.swift */ = {isa = PBXFileReference; fileEncoding = 4; lastKnownFileType = sourcecode.swift; path = SettingsViewController.swift; sourceTree = "<group>"; };
		4589CA452364F70F003EDE0E /* strength.jpg */ = {isa = PBXFileReference; lastKnownFileType = image.jpeg; path = strength.jpg; sourceTree = "<group>"; };
		4589CA472364F8AB003EDE0E /* CardioViewController.swift */ = {isa = PBXFileReference; lastKnownFileType = sourcecode.swift; path = CardioViewController.swift; sourceTree = "<group>"; };
/* End PBXFileReference section */

/* Begin PBXFrameworksBuildPhase section */
		4517F9B72351587700E5ED83 /* Frameworks */ = {
			isa = PBXFrameworksBuildPhase;
			buildActionMask = 2147483647;
			files = (
			);
			runOnlyForDeploymentPostprocessing = 0;
		};
		4517F9CF2351587800E5ED83 /* Frameworks */ = {
			isa = PBXFrameworksBuildPhase;
			buildActionMask = 2147483647;
			files = (
			);
			runOnlyForDeploymentPostprocessing = 0;
		};
		4517F9DA2351587800E5ED83 /* Frameworks */ = {
			isa = PBXFrameworksBuildPhase;
			buildActionMask = 2147483647;
			files = (
			);
			runOnlyForDeploymentPostprocessing = 0;
		};
/* End PBXFrameworksBuildPhase section */

/* Begin PBXGroup section */
		4510852723639DB800338F82 /* images */ = {
			isa = PBXGroup;
			children = (
				4510852923639DB800338F82 /* routine4.jpg */,
				4510852A23639DB800338F82 /* routine1.jpg */,
				4510852B23639DB800338F82 /* Steps.png */,
				4510852C23639DB800338F82 /* routine2.jpg */,
				4510852D23639DB800338F82 /* radar.png */,
				4510852F23639DB800338F82 /* Cardio.jpg */,
				4510853023639DB800338F82 /* Screen Shot 2019-10-11 at 10.13.56 AM.png */,
				4510853123639DB800338F82 /* Screen Shot 2019-10-11 at 9.15.49 AM.png */,
				4510853223639DB800338F82 /* resistance.png */,
				4510853523639DB800338F82 /* Screen Shot 2019-10-15 at 9.52.19 AM.png */,
				4510853623639DB800338F82 /* Screen Shot 2019-10-11 at 9.07.38 AM.png */,
				4510853823639DB800338F82 /* 512px-Man_Doing_Warm_Up_Exercise_Cartoon.svg.png */,
				4510853923639DB800338F82 /* Screen Shot 2019-10-07 at 3.23.50 PM.png */,
				4510853A23639DB800338F82 /* play.jpg */,
				4510853B23639DB800338F82 /* playbutton.png */,
				4510853C23639DB800338F82 /* Wall_Sit_squat_F_WorkoutLabs.png */,
			);
			path = images;
			sourceTree = "<group>";
		};
		4517F9B12351587700E5ED83 = {
			isa = PBXGroup;
			children = (
				4517F9BC2351587700E5ED83 /* PD_PAL */,
				4517F9D52351587800E5ED83 /* PD_PALTests */,
				4517F9E02351587800E5ED83 /* PD_PALUITests */,
				4517F9BB2351587700E5ED83 /* Products */,
			);
			sourceTree = "<group>";
		};
		4517F9BB2351587700E5ED83 /* Products */ = {
			isa = PBXGroup;
			children = (
				4517F9BA2351587700E5ED83 /* PD_PAL.app */,
				4517F9D22351587800E5ED83 /* PD_PALTests.xctest */,
				4517F9DD2351587800E5ED83 /* PD_PALUITests.xctest */,
			);
			name = Products;
			sourceTree = "<group>";
		};
		4517F9BC2351587700E5ED83 /* PD_PAL */ = {
			isa = PBXGroup;
			children = (
				4589CA452364F70F003EDE0E /* strength.jpg */,
				4510852E23639DB800338F82 /* cardio.png */,
				4510853323639DB800338F82 /* balance.png */,
				4510853723639DB800338F82 /* strength.png */,
				4510852823639DB800338F82 /* flexibility.png */,
				4510852723639DB800338F82 /* images */,
				4517F9BD2351587700E5ED83 /* AppDelegate.swift */,
				4517F9C52351587700E5ED83 /* Main.storyboard */,
				454F8FA22362984D005506A0 /* Cardio.storyboard */,
				4565C71A23602D9A00426C7E /* Categories.storyboard */,
				4565C71E23618FFF00426C7E /* Controllers */,
				4517F9C82351587800E5ED83 /* Assets.xcassets */,
				4517F9CA2351587800E5ED83 /* LaunchScreen.storyboard */,
				4517F9CD2351587800E5ED83 /* Info.plist */,
			);
			path = PD_PAL;
			sourceTree = "<group>";
		};
		4517F9D52351587800E5ED83 /* PD_PALTests */ = {
			isa = PBXGroup;
			children = (
				4517F9D62351587800E5ED83 /* PD_PALTests.swift */,
				4517F9D82351587800E5ED83 /* Info.plist */,
			);
			path = PD_PALTests;
			sourceTree = "<group>";
		};
		4517F9E02351587800E5ED83 /* PD_PALUITests */ = {
			isa = PBXGroup;
			children = (
				4517F9E12351587800E5ED83 /* PD_PALUITests.swift */,
				4517F9E32351587800E5ED83 /* Info.plist */,
			);
			path = PD_PALUITests;
			sourceTree = "<group>";
		};
		4565C71E23618FFF00426C7E /* Controllers */ = {
			isa = PBXGroup;
			children = (
				4565C71F23618FFF00426C7E /* RoutinesViewController.swift */,
				4565C72023618FFF00426C7E /* TrendViewController.swift */,
				4565C72123618FFF00426C7E /* CategoriesViewController.swift */,
				4589CA472364F8AB003EDE0E /* CardioViewController.swift */,
				4565C72223618FFF00426C7E /* mainPageViewController.swift */,
				4565C72323618FFF00426C7E /* SettingsViewController.swift */,
			);
			path = Controllers;
			sourceTree = "<group>";
		};
/* End PBXGroup section */

/* Begin PBXNativeTarget section */
		4517F9B92351587700E5ED83 /* PD_PAL */ = {
			isa = PBXNativeTarget;
			buildConfigurationList = 4517F9E62351587800E5ED83 /* Build configuration list for PBXNativeTarget "PD_PAL" */;
			buildPhases = (
				4517F9B62351587700E5ED83 /* Sources */,
				4517F9B72351587700E5ED83 /* Frameworks */,
				4517F9B82351587700E5ED83 /* Resources */,
			);
			buildRules = (
			);
			dependencies = (
			);
			name = PD_PAL;
			productName = PD_PAL;
			productReference = 4517F9BA2351587700E5ED83 /* PD_PAL.app */;
			productType = "com.apple.product-type.application";
		};
		4517F9D12351587800E5ED83 /* PD_PALTests */ = {
			isa = PBXNativeTarget;
			buildConfigurationList = 4517F9E92351587800E5ED83 /* Build configuration list for PBXNativeTarget "PD_PALTests" */;
			buildPhases = (
				4517F9CE2351587800E5ED83 /* Sources */,
				4517F9CF2351587800E5ED83 /* Frameworks */,
				4517F9D02351587800E5ED83 /* Resources */,
			);
			buildRules = (
			);
			dependencies = (
				4517F9D42351587800E5ED83 /* PBXTargetDependency */,
			);
			name = PD_PALTests;
			productName = PD_PALTests;
			productReference = 4517F9D22351587800E5ED83 /* PD_PALTests.xctest */;
			productType = "com.apple.product-type.bundle.unit-test";
		};
		4517F9DC2351587800E5ED83 /* PD_PALUITests */ = {
			isa = PBXNativeTarget;
			buildConfigurationList = 4517F9EC2351587800E5ED83 /* Build configuration list for PBXNativeTarget "PD_PALUITests" */;
			buildPhases = (
				4517F9D92351587800E5ED83 /* Sources */,
				4517F9DA2351587800E5ED83 /* Frameworks */,
				4517F9DB2351587800E5ED83 /* Resources */,
			);
			buildRules = (
			);
			dependencies = (
				4517F9DF2351587800E5ED83 /* PBXTargetDependency */,
			);
			name = PD_PALUITests;
			productName = PD_PALUITests;
			productReference = 4517F9DD2351587800E5ED83 /* PD_PALUITests.xctest */;
			productType = "com.apple.product-type.bundle.ui-testing";
		};
/* End PBXNativeTarget section */

/* Begin PBXProject section */
		4517F9B22351587700E5ED83 /* Project object */ = {
			isa = PBXProject;
			attributes = {
				LastSwiftUpdateCheck = 1030;
				LastUpgradeCheck = 1030;
				ORGANIZATIONNAME = WareOne;
				TargetAttributes = {
					4517F9B92351587700E5ED83 = {
						CreatedOnToolsVersion = 10.3;
					};
					4517F9D12351587800E5ED83 = {
						CreatedOnToolsVersion = 10.3;
						TestTargetID = 4517F9B92351587700E5ED83;
					};
					4517F9DC2351587800E5ED83 = {
						CreatedOnToolsVersion = 10.3;
						TestTargetID = 4517F9B92351587700E5ED83;
					};
				};
			};
			buildConfigurationList = 4517F9B52351587700E5ED83 /* Build configuration list for PBXProject "PD_PAL" */;
			compatibilityVersion = "Xcode 9.3";
			developmentRegion = en;
			hasScannedForEncodings = 0;
			knownRegions = (
				en,
				Base,
			);
			mainGroup = 4517F9B12351587700E5ED83;
			productRefGroup = 4517F9BB2351587700E5ED83 /* Products */;
			projectDirPath = "";
			projectRoot = "";
			targets = (
				4517F9B92351587700E5ED83 /* PD_PAL */,
				4517F9D12351587800E5ED83 /* PD_PALTests */,
				4517F9DC2351587800E5ED83 /* PD_PALUITests */,
			);
		};
/* End PBXProject section */

/* Begin PBXResourcesBuildPhase section */
		4517F9B82351587700E5ED83 /* Resources */ = {
			isa = PBXResourcesBuildPhase;
			buildActionMask = 2147483647;
			files = (
				4510854B23639DB800338F82 /* Screen Shot 2019-10-11 at 9.07.38 AM.png in Resources */,
				4510854623639DB800338F82 /* Screen Shot 2019-10-11 at 9.15.49 AM.png in Resources */,
				4510854223639DB800338F82 /* radar.png in Resources */,
				4510854723639DB800338F82 /* resistance.png in Resources */,
				4517F9CC2351587800E5ED83 /* LaunchScreen.storyboard in Resources */,
				4510854123639DB800338F82 /* routine2.jpg in Resources */,
				4510855023639DB800338F82 /* playbutton.png in Resources */,
				4510854A23639DB800338F82 /* Screen Shot 2019-10-15 at 9.52.19 AM.png in Resources */,
				4510853E23639DB800338F82 /* routine4.jpg in Resources */,
				4510853F23639DB800338F82 /* routine1.jpg in Resources */,
				4510854D23639DB800338F82 /* 512px-Man_Doing_Warm_Up_Exercise_Cartoon.svg.png in Resources */,
				4510854E23639DB800338F82 /* Screen Shot 2019-10-07 at 3.23.50 PM.png in Resources */,
				4510853D23639DB800338F82 /* flexibility.png in Resources */,
				4510854F23639DB800338F82 /* play.jpg in Resources */,
				4510854523639DB800338F82 /* Screen Shot 2019-10-11 at 10.13.56 AM.png in Resources */,
				4517F9C92351587800E5ED83 /* Assets.xcassets in Resources */,
				4565C71B23602D9A00426C7E /* Categories.storyboard in Resources */,
				4510855123639DB800338F82 /* Wall_Sit_squat_F_WorkoutLabs.png in Resources */,
				4517F9C72351587700E5ED83 /* Main.storyboard in Resources */,
				4510854C23639DB800338F82 /* strength.png in Resources */,
				454F8FA32362984D005506A0 /* Cardio.storyboard in Resources */,
				4510854023639DB800338F82 /* Steps.png in Resources */,
				4510854823639DB800338F82 /* balance.png in Resources */,
				4510854423639DB800338F82 /* Cardio.jpg in Resources */,
				4589CA462364F710003EDE0E /* strength.jpg in Resources */,
				4510854323639DB800338F82 /* cardio.png in Resources */,
			);
			runOnlyForDeploymentPostprocessing = 0;
		};
		4517F9D02351587800E5ED83 /* Resources */ = {
			isa = PBXResourcesBuildPhase;
			buildActionMask = 2147483647;
			files = (
			);
			runOnlyForDeploymentPostprocessing = 0;
		};
		4517F9DB2351587800E5ED83 /* Resources */ = {
			isa = PBXResourcesBuildPhase;
			buildActionMask = 2147483647;
			files = (
			);
			runOnlyForDeploymentPostprocessing = 0;
		};
/* End PBXResourcesBuildPhase section */

/* Begin PBXSourcesBuildPhase section */
		4517F9B62351587700E5ED83 /* Sources */ = {
			isa = PBXSourcesBuildPhase;
			buildActionMask = 2147483647;
			files = (
				4517F9BE2351587700E5ED83 /* AppDelegate.swift in Sources */,
				4565C7252361900000426C7E /* TrendViewController.swift in Sources */,
				4565C7262361900000426C7E /* CategoriesViewController.swift in Sources */,
				4565C7272361900000426C7E /* mainPageViewController.swift in Sources */,
				4565C7242361900000426C7E /* RoutinesViewController.swift in Sources */,
				4589CA482364F8AB003EDE0E /* CardioViewController.swift in Sources */,
				4565C7282361900000426C7E /* SettingsViewController.swift in Sources */,
			);
			runOnlyForDeploymentPostprocessing = 0;
		};
		4517F9CE2351587800E5ED83 /* Sources */ = {
			isa = PBXSourcesBuildPhase;
			buildActionMask = 2147483647;
			files = (
				4517F9D72351587800E5ED83 /* PD_PALTests.swift in Sources */,
			);
			runOnlyForDeploymentPostprocessing = 0;
		};
		4517F9D92351587800E5ED83 /* Sources */ = {
			isa = PBXSourcesBuildPhase;
			buildActionMask = 2147483647;
			files = (
				4517F9E22351587800E5ED83 /* PD_PALUITests.swift in Sources */,
			);
			runOnlyForDeploymentPostprocessing = 0;
		};
/* End PBXSourcesBuildPhase section */

/* Begin PBXTargetDependency section */
		4517F9D42351587800E5ED83 /* PBXTargetDependency */ = {
			isa = PBXTargetDependency;
			target = 4517F9B92351587700E5ED83 /* PD_PAL */;
			targetProxy = 4517F9D32351587800E5ED83 /* PBXContainerItemProxy */;
		};
		4517F9DF2351587800E5ED83 /* PBXTargetDependency */ = {
			isa = PBXTargetDependency;
			target = 4517F9B92351587700E5ED83 /* PD_PAL */;
			targetProxy = 4517F9DE2351587800E5ED83 /* PBXContainerItemProxy */;
		};
/* End PBXTargetDependency section */

/* Begin PBXVariantGroup section */
		4517F9C52351587700E5ED83 /* Main.storyboard */ = {
			isa = PBXVariantGroup;
			children = (
				4517F9C62351587700E5ED83 /* Base */,
			);
			name = Main.storyboard;
			sourceTree = "<group>";
		};
		4517F9CA2351587800E5ED83 /* LaunchScreen.storyboard */ = {
			isa = PBXVariantGroup;
			children = (
				4517F9CB2351587800E5ED83 /* Base */,
			);
			name = LaunchScreen.storyboard;
			sourceTree = "<group>";
		};
/* End PBXVariantGroup section */

/* Begin XCBuildConfiguration section */
		4517F9E42351587800E5ED83 /* Debug */ = {
			isa = XCBuildConfiguration;
			buildSettings = {
				ALWAYS_SEARCH_USER_PATHS = NO;
				CLANG_ANALYZER_NONNULL = YES;
				CLANG_ANALYZER_NUMBER_OBJECT_CONVERSION = YES_AGGRESSIVE;
				CLANG_CXX_LANGUAGE_STANDARD = "gnu++14";
				CLANG_CXX_LIBRARY = "libc++";
				CLANG_ENABLE_MODULES = YES;
				CLANG_ENABLE_OBJC_ARC = YES;
				CLANG_ENABLE_OBJC_WEAK = YES;
				CLANG_WARN_BLOCK_CAPTURE_AUTORELEASING = YES;
				CLANG_WARN_BOOL_CONVERSION = YES;
				CLANG_WARN_COMMA = YES;
				CLANG_WARN_CONSTANT_CONVERSION = YES;
				CLANG_WARN_DEPRECATED_OBJC_IMPLEMENTATIONS = YES;
				CLANG_WARN_DIRECT_OBJC_ISA_USAGE = YES_ERROR;
				CLANG_WARN_DOCUMENTATION_COMMENTS = YES;
				CLANG_WARN_EMPTY_BODY = YES;
				CLANG_WARN_ENUM_CONVERSION = YES;
				CLANG_WARN_INFINITE_RECURSION = YES;
				CLANG_WARN_INT_CONVERSION = YES;
				CLANG_WARN_NON_LITERAL_NULL_CONVERSION = YES;
				CLANG_WARN_OBJC_IMPLICIT_RETAIN_SELF = YES;
				CLANG_WARN_OBJC_LITERAL_CONVERSION = YES;
				CLANG_WARN_OBJC_ROOT_CLASS = YES_ERROR;
				CLANG_WARN_RANGE_LOOP_ANALYSIS = YES;
				CLANG_WARN_STRICT_PROTOTYPES = YES;
				CLANG_WARN_SUSPICIOUS_MOVE = YES;
				CLANG_WARN_UNGUARDED_AVAILABILITY = YES_AGGRESSIVE;
				CLANG_WARN_UNREACHABLE_CODE = YES;
				CLANG_WARN__DUPLICATE_METHOD_MATCH = YES;
				CODE_SIGN_IDENTITY = "iPhone Developer";
				COPY_PHASE_STRIP = NO;
				DEBUG_INFORMATION_FORMAT = dwarf;
				ENABLE_STRICT_OBJC_MSGSEND = YES;
				ENABLE_TESTABILITY = YES;
				GCC_C_LANGUAGE_STANDARD = gnu11;
				GCC_DYNAMIC_NO_PIC = NO;
				GCC_NO_COMMON_BLOCKS = YES;
				GCC_OPTIMIZATION_LEVEL = 0;
				GCC_PREPROCESSOR_DEFINITIONS = (
					"DEBUG=1",
					"$(inherited)",
				);
				GCC_WARN_64_TO_32_BIT_CONVERSION = YES;
				GCC_WARN_ABOUT_RETURN_TYPE = YES_ERROR;
				GCC_WARN_UNDECLARED_SELECTOR = YES;
				GCC_WARN_UNINITIALIZED_AUTOS = YES_AGGRESSIVE;
				GCC_WARN_UNUSED_FUNCTION = YES;
				GCC_WARN_UNUSED_VARIABLE = YES;
				IPHONEOS_DEPLOYMENT_TARGET = 12.4;
				MTL_ENABLE_DEBUG_INFO = INCLUDE_SOURCE;
				MTL_FAST_MATH = YES;
				ONLY_ACTIVE_ARCH = YES;
				SDKROOT = iphoneos;
				SWIFT_ACTIVE_COMPILATION_CONDITIONS = DEBUG;
				SWIFT_OPTIMIZATION_LEVEL = "-Onone";
			};
			name = Debug;
		};
		4517F9E52351587800E5ED83 /* Release */ = {
			isa = XCBuildConfiguration;
			buildSettings = {
				ALWAYS_SEARCH_USER_PATHS = NO;
				CLANG_ANALYZER_NONNULL = YES;
				CLANG_ANALYZER_NUMBER_OBJECT_CONVERSION = YES_AGGRESSIVE;
				CLANG_CXX_LANGUAGE_STANDARD = "gnu++14";
				CLANG_CXX_LIBRARY = "libc++";
				CLANG_ENABLE_MODULES = YES;
				CLANG_ENABLE_OBJC_ARC = YES;
				CLANG_ENABLE_OBJC_WEAK = YES;
				CLANG_WARN_BLOCK_CAPTURE_AUTORELEASING = YES;
				CLANG_WARN_BOOL_CONVERSION = YES;
				CLANG_WARN_COMMA = YES;
				CLANG_WARN_CONSTANT_CONVERSION = YES;
				CLANG_WARN_DEPRECATED_OBJC_IMPLEMENTATIONS = YES;
				CLANG_WARN_DIRECT_OBJC_ISA_USAGE = YES_ERROR;
				CLANG_WARN_DOCUMENTATION_COMMENTS = YES;
				CLANG_WARN_EMPTY_BODY = YES;
				CLANG_WARN_ENUM_CONVERSION = YES;
				CLANG_WARN_INFINITE_RECURSION = YES;
				CLANG_WARN_INT_CONVERSION = YES;
				CLANG_WARN_NON_LITERAL_NULL_CONVERSION = YES;
				CLANG_WARN_OBJC_IMPLICIT_RETAIN_SELF = YES;
				CLANG_WARN_OBJC_LITERAL_CONVERSION = YES;
				CLANG_WARN_OBJC_ROOT_CLASS = YES_ERROR;
				CLANG_WARN_RANGE_LOOP_ANALYSIS = YES;
				CLANG_WARN_STRICT_PROTOTYPES = YES;
				CLANG_WARN_SUSPICIOUS_MOVE = YES;
				CLANG_WARN_UNGUARDED_AVAILABILITY = YES_AGGRESSIVE;
				CLANG_WARN_UNREACHABLE_CODE = YES;
				CLANG_WARN__DUPLICATE_METHOD_MATCH = YES;
				CODE_SIGN_IDENTITY = "iPhone Developer";
				COPY_PHASE_STRIP = NO;
				DEBUG_INFORMATION_FORMAT = "dwarf-with-dsym";
				ENABLE_NS_ASSERTIONS = NO;
				ENABLE_STRICT_OBJC_MSGSEND = YES;
				GCC_C_LANGUAGE_STANDARD = gnu11;
				GCC_NO_COMMON_BLOCKS = YES;
				GCC_WARN_64_TO_32_BIT_CONVERSION = YES;
				GCC_WARN_ABOUT_RETURN_TYPE = YES_ERROR;
				GCC_WARN_UNDECLARED_SELECTOR = YES;
				GCC_WARN_UNINITIALIZED_AUTOS = YES_AGGRESSIVE;
				GCC_WARN_UNUSED_FUNCTION = YES;
				GCC_WARN_UNUSED_VARIABLE = YES;
				IPHONEOS_DEPLOYMENT_TARGET = 12.4;
				MTL_ENABLE_DEBUG_INFO = NO;
				MTL_FAST_MATH = YES;
				SDKROOT = iphoneos;
				SWIFT_COMPILATION_MODE = wholemodule;
				SWIFT_OPTIMIZATION_LEVEL = "-O";
				VALIDATE_PRODUCT = YES;
			};
			name = Release;
		};
		4517F9E72351587800E5ED83 /* Debug */ = {
			isa = XCBuildConfiguration;
			buildSettings = {
				ASSETCATALOG_COMPILER_APPICON_NAME = AppIcon;
				CODE_SIGN_STYLE = Automatic;
				"CODE_SIGN_STYLE[sdk=iphoneos*]" = Automatic;
				DEVELOPMENT_TEAM = DWKB22S268;
				INFOPLIST_FILE = PD_PAL/Info.plist;
				LD_RUNPATH_SEARCH_PATHS = (
					"$(inherited)",
					"@executable_path/Frameworks",
				);
				PRODUCT_BUNDLE_IDENTIFIER = "com.WareOne.PD-PAL";
				PRODUCT_NAME = "$(TARGET_NAME)";
				SWIFT_VERSION = 4.2;
				TARGETED_DEVICE_FAMILY = "1,2";
			};
			name = Debug;
		};
		4517F9E82351587800E5ED83 /* Release */ = {
			isa = XCBuildConfiguration;
			buildSettings = {
				ASSETCATALOG_COMPILER_APPICON_NAME = AppIcon;
				CODE_SIGN_STYLE = Automatic;
				DEVELOPMENT_TEAM = DWKB22S268;
				INFOPLIST_FILE = PD_PAL/Info.plist;
				LD_RUNPATH_SEARCH_PATHS = (
					"$(inherited)",
					"@executable_path/Frameworks",
				);
				PRODUCT_BUNDLE_IDENTIFIER = "com.WareOne.PD-PAL";
				PRODUCT_NAME = "$(TARGET_NAME)";
				SWIFT_VERSION = 4.2;
				TARGETED_DEVICE_FAMILY = "1,2";
			};
			name = Release;
		};
		4517F9EA2351587800E5ED83 /* Debug */ = {
			isa = XCBuildConfiguration;
			buildSettings = {
				ALWAYS_EMBED_SWIFT_STANDARD_LIBRARIES = YES;
				BUNDLE_LOADER = "$(TEST_HOST)";
				CODE_SIGN_STYLE = Automatic;
				INFOPLIST_FILE = PD_PALTests/Info.plist;
				LD_RUNPATH_SEARCH_PATHS = (
					"$(inherited)",
					"@executable_path/Frameworks",
					"@loader_path/Frameworks",
				);
				PRODUCT_BUNDLE_IDENTIFIER = "com.WareOne.PD-PALTests";
				PRODUCT_NAME = "$(TARGET_NAME)";
				SWIFT_VERSION = 5.0;
				TARGETED_DEVICE_FAMILY = "1,2";
				TEST_HOST = "$(BUILT_PRODUCTS_DIR)/PD_PAL.app/PD_PAL";
			};
			name = Debug;
		};
		4517F9EB2351587800E5ED83 /* Release */ = {
			isa = XCBuildConfiguration;
			buildSettings = {
				ALWAYS_EMBED_SWIFT_STANDARD_LIBRARIES = YES;
				BUNDLE_LOADER = "$(TEST_HOST)";
				CODE_SIGN_STYLE = Automatic;
				INFOPLIST_FILE = PD_PALTests/Info.plist;
				LD_RUNPATH_SEARCH_PATHS = (
					"$(inherited)",
					"@executable_path/Frameworks",
					"@loader_path/Frameworks",
				);
				PRODUCT_BUNDLE_IDENTIFIER = "com.WareOne.PD-PALTests";
				PRODUCT_NAME = "$(TARGET_NAME)";
				SWIFT_VERSION = 5.0;
				TARGETED_DEVICE_FAMILY = "1,2";
				TEST_HOST = "$(BUILT_PRODUCTS_DIR)/PD_PAL.app/PD_PAL";
			};
			name = Release;
		};
		4517F9ED2351587800E5ED83 /* Debug */ = {
			isa = XCBuildConfiguration;
			buildSettings = {
				ALWAYS_EMBED_SWIFT_STANDARD_LIBRARIES = YES;
				CODE_SIGN_STYLE = Automatic;
				INFOPLIST_FILE = PD_PALUITests/Info.plist;
				LD_RUNPATH_SEARCH_PATHS = (
					"$(inherited)",
					"@executable_path/Frameworks",
					"@loader_path/Frameworks",
				);
				PRODUCT_BUNDLE_IDENTIFIER = "com.WareOne.PD-PALUITests";
				PRODUCT_NAME = "$(TARGET_NAME)";
				SWIFT_VERSION = 5.0;
				TARGETED_DEVICE_FAMILY = "1,2";
				TEST_TARGET_NAME = PD_PAL;
			};
			name = Debug;
		};
		4517F9EE2351587800E5ED83 /* Release */ = {
			isa = XCBuildConfiguration;
			buildSettings = {
				ALWAYS_EMBED_SWIFT_STANDARD_LIBRARIES = YES;
				CODE_SIGN_STYLE = Automatic;
				INFOPLIST_FILE = PD_PALUITests/Info.plist;
				LD_RUNPATH_SEARCH_PATHS = (
					"$(inherited)",
					"@executable_path/Frameworks",
					"@loader_path/Frameworks",
				);
				PRODUCT_BUNDLE_IDENTIFIER = "com.WareOne.PD-PALUITests";
				PRODUCT_NAME = "$(TARGET_NAME)";
				SWIFT_VERSION = 5.0;
				TARGETED_DEVICE_FAMILY = "1,2";
				TEST_TARGET_NAME = PD_PAL;
			};
			name = Release;
		};
/* End XCBuildConfiguration section */

/* Begin XCConfigurationList section */
		4517F9B52351587700E5ED83 /* Build configuration list for PBXProject "PD_PAL" */ = {
			isa = XCConfigurationList;
			buildConfigurations = (
				4517F9E42351587800E5ED83 /* Debug */,
				4517F9E52351587800E5ED83 /* Release */,
			);
			defaultConfigurationIsVisible = 0;
			defaultConfigurationName = Release;
		};
		4517F9E62351587800E5ED83 /* Build configuration list for PBXNativeTarget "PD_PAL" */ = {
			isa = XCConfigurationList;
			buildConfigurations = (
				4517F9E72351587800E5ED83 /* Debug */,
				4517F9E82351587800E5ED83 /* Release */,
			);
			defaultConfigurationIsVisible = 0;
			defaultConfigurationName = Release;
		};
		4517F9E92351587800E5ED83 /* Build configuration list for PBXNativeTarget "PD_PALTests" */ = {
			isa = XCConfigurationList;
			buildConfigurations = (
				4517F9EA2351587800E5ED83 /* Debug */,
				4517F9EB2351587800E5ED83 /* Release */,
			);
			defaultConfigurationIsVisible = 0;
			defaultConfigurationName = Release;
		};
		4517F9EC2351587800E5ED83 /* Build configuration list for PBXNativeTarget "PD_PALUITests" */ = {
			isa = XCConfigurationList;
			buildConfigurations = (
				4517F9ED2351587800E5ED83 /* Debug */,
				4517F9EE2351587800E5ED83 /* Release */,
			);
			defaultConfigurationIsVisible = 0;
			defaultConfigurationName = Release;
		};
/* End XCConfigurationList section */
	};
	rootObject = 4517F9B22351587700E5ED83 /* Project object */;
}
